// !$*UTF8*$!
{
	archiveVersion = 1;
	classes = {
	};
	objectVersion = 56;
	objects = {

/* Begin PBXBuildFile section */
		380F5F8D2B78F0B700B33996 /* PostsView.swift in Sources */ = {isa = PBXBuildFile; fileRef = 380F5F8C2B78F0B700B33996 /* PostsView.swift */; };
		384E13012B758D3100AB5C1E /* RegisterView.swift in Sources */ = {isa = PBXBuildFile; fileRef = 384E13002B758D3100AB5C1E /* RegisterView.swift */; };
		384E13042B758E2000AB5C1E /* View+Extension.swift in Sources */ = {isa = PBXBuildFile; fileRef = 384E13032B758E2000AB5C1E /* View+Extension.swift */; };
		384E13062B7590A200AB5C1E /* MainView.swift in Sources */ = {isa = PBXBuildFile; fileRef = 384E13052B7590A200AB5C1E /* MainView.swift */; };
		384E13082B75924300AB5C1E /* ProfileView.swift in Sources */ = {isa = PBXBuildFile; fileRef = 384E13072B75924300AB5C1E /* ProfileView.swift */; };
		384E130A2B759E9A00AB5C1E /* ReusableProfileContent.swift in Sources */ = {isa = PBXBuildFile; fileRef = 384E13092B759E9A00AB5C1E /* ReusableProfileContent.swift */; };
		384E130D2B75A19200AB5C1E /* SDWebImageSwiftUI in Frameworks */ = {isa = PBXBuildFile; productRef = 384E130C2B75A19200AB5C1E /* SDWebImageSwiftUI */; };
		386587512B7263DC002D309C /* SocialMediaApp.swift in Sources */ = {isa = PBXBuildFile; fileRef = 386587502B7263DC002D309C /* SocialMediaApp.swift */; };
		386587532B7263DC002D309C /* ContentView.swift in Sources */ = {isa = PBXBuildFile; fileRef = 386587522B7263DC002D309C /* ContentView.swift */; };
		386587552B7263DE002D309C /* Assets.xcassets in Resources */ = {isa = PBXBuildFile; fileRef = 386587542B7263DE002D309C /* Assets.xcassets */; };
		386587582B7263DE002D309C /* Preview Assets.xcassets in Resources */ = {isa = PBXBuildFile; fileRef = 386587572B7263DE002D309C /* Preview Assets.xcassets */; };
		3865875F2B72652C002D309C /* GoogleService-Info.plist in Resources */ = {isa = PBXBuildFile; fileRef = 3865875E2B72652C002D309C /* GoogleService-Info.plist */; };
		386587622B726658002D309C /* FirebaseAuth in Frameworks */ = {isa = PBXBuildFile; productRef = 386587612B726658002D309C /* FirebaseAuth */; };
		386587682B7266AA002D309C /* LoginView.swift in Sources */ = {isa = PBXBuildFile; fileRef = 386587672B7266AA002D309C /* LoginView.swift */; };
		3865876B2B72EA21002D309C /* FirebaseFirestore in Frameworks */ = {isa = PBXBuildFile; productRef = 3865876A2B72EA21002D309C /* FirebaseFirestore */; };
		3865876D2B72EA3B002D309C /* FirebaseFirestoreSwift in Frameworks */ = {isa = PBXBuildFile; productRef = 3865876C2B72EA3B002D309C /* FirebaseFirestoreSwift */; };
		3865876F2B72EA3B002D309C /* FirebaseStorage in Frameworks */ = {isa = PBXBuildFile; productRef = 3865876E2B72EA3B002D309C /* FirebaseStorage */; };
		386587712B72EDC7002D309C /* User.swift in Sources */ = {isa = PBXBuildFile; fileRef = 386587702B72EDC7002D309C /* User.swift */; };
		386587732B72F862002D309C /* LoadingView.swift in Sources */ = {isa = PBXBuildFile; fileRef = 386587722B72F862002D309C /* LoadingView.swift */; };
		38DE5AC92B781BCF008C5B30 /* CreateNewPost.swift in Sources */ = {isa = PBXBuildFile; fileRef = 38DE5AC82B781BCF008C5B30 /* CreateNewPost.swift */; };
		38DE5ACB2B781C1D008C5B30 /* Post.swift in Sources */ = {isa = PBXBuildFile; fileRef = 38DE5ACA2B781C1D008C5B30 /* Post.swift */; };
/* End PBXBuildFile section */

/* Begin PBXFileReference section */
		380F5F8C2B78F0B700B33996 /* PostsView.swift */ = {isa = PBXFileReference; lastKnownFileType = sourcecode.swift; path = PostsView.swift; sourceTree = "<group>"; };
		384E13002B758D3100AB5C1E /* RegisterView.swift */ = {isa = PBXFileReference; lastKnownFileType = sourcecode.swift; path = RegisterView.swift; sourceTree = "<group>"; };
		384E13032B758E2000AB5C1E /* View+Extension.swift */ = {isa = PBXFileReference; lastKnownFileType = sourcecode.swift; path = "View+Extension.swift"; sourceTree = "<group>"; };
		384E13052B7590A200AB5C1E /* MainView.swift */ = {isa = PBXFileReference; lastKnownFileType = sourcecode.swift; path = MainView.swift; sourceTree = "<group>"; };
		384E13072B75924300AB5C1E /* ProfileView.swift */ = {isa = PBXFileReference; lastKnownFileType = sourcecode.swift; path = ProfileView.swift; sourceTree = "<group>"; };
		384E13092B759E9A00AB5C1E /* ReusableProfileContent.swift */ = {isa = PBXFileReference; lastKnownFileType = sourcecode.swift; path = ReusableProfileContent.swift; sourceTree = "<group>"; };
		3865874D2B7263DC002D309C /* SocialMedia.app */ = {isa = PBXFileReference; explicitFileType = wrapper.application; includeInIndex = 0; path = SocialMedia.app; sourceTree = BUILT_PRODUCTS_DIR; };
		386587502B7263DC002D309C /* SocialMediaApp.swift */ = {isa = PBXFileReference; lastKnownFileType = sourcecode.swift; path = SocialMediaApp.swift; sourceTree = "<group>"; };
		386587522B7263DC002D309C /* ContentView.swift */ = {isa = PBXFileReference; lastKnownFileType = sourcecode.swift; path = ContentView.swift; sourceTree = "<group>"; };
		386587542B7263DE002D309C /* Assets.xcassets */ = {isa = PBXFileReference; lastKnownFileType = folder.assetcatalog; path = Assets.xcassets; sourceTree = "<group>"; };
		386587572B7263DE002D309C /* Preview Assets.xcassets */ = {isa = PBXFileReference; lastKnownFileType = folder.assetcatalog; path = "Preview Assets.xcassets"; sourceTree = "<group>"; };
		3865875E2B72652C002D309C /* GoogleService-Info.plist */ = {isa = PBXFileReference; fileEncoding = 4; lastKnownFileType = text.plist.xml; path = "GoogleService-Info.plist"; sourceTree = "<group>"; };
		386587672B7266AA002D309C /* LoginView.swift */ = {isa = PBXFileReference; lastKnownFileType = sourcecode.swift; path = LoginView.swift; sourceTree = "<group>"; };
		386587702B72EDC7002D309C /* User.swift */ = {isa = PBXFileReference; lastKnownFileType = sourcecode.swift; path = User.swift; sourceTree = "<group>"; };
		386587722B72F862002D309C /* LoadingView.swift */ = {isa = PBXFileReference; lastKnownFileType = sourcecode.swift; path = LoadingView.swift; sourceTree = "<group>"; };
		38DE5AC82B781BCF008C5B30 /* CreateNewPost.swift */ = {isa = PBXFileReference; lastKnownFileType = sourcecode.swift; path = CreateNewPost.swift; sourceTree = "<group>"; };
		38DE5ACA2B781C1D008C5B30 /* Post.swift */ = {isa = PBXFileReference; lastKnownFileType = sourcecode.swift; path = Post.swift; sourceTree = "<group>"; };
/* End PBXFileReference section */

/* Begin PBXFrameworksBuildPhase section */
		3865874A2B7263DC002D309C /* Frameworks */ = {
			isa = PBXFrameworksBuildPhase;
			buildActionMask = 2147483647;
			files = (
				384E130D2B75A19200AB5C1E /* SDWebImageSwiftUI in Frameworks */,
				386587622B726658002D309C /* FirebaseAuth in Frameworks */,
				3865876F2B72EA3B002D309C /* FirebaseStorage in Frameworks */,
				3865876B2B72EA21002D309C /* FirebaseFirestore in Frameworks */,
				3865876D2B72EA3B002D309C /* FirebaseFirestoreSwift in Frameworks */,
			);
			runOnlyForDeploymentPostprocessing = 0;
		};
/* End PBXFrameworksBuildPhase section */

/* Begin PBXGroup section */
		384E12FE2B758D0100AB5C1E /* Login */ = {
			isa = PBXGroup;
			children = (
				386587672B7266AA002D309C /* LoginView.swift */,
				384E13002B758D3100AB5C1E /* RegisterView.swift */,
			);
			path = Login;
			sourceTree = "<group>";
		};
		384E12FF2B758D0E00AB5C1E /* MainView */ = {
			isa = PBXGroup;
			children = (
				384E13052B7590A200AB5C1E /* MainView.swift */,
				384E13072B75924300AB5C1E /* ProfileView.swift */,
				384E13092B759E9A00AB5C1E /* ReusableProfileContent.swift */,
				38DE5AC82B781BCF008C5B30 /* CreateNewPost.swift */,
				380F5F8C2B78F0B700B33996 /* PostsView.swift */,
			);
			path = MainView;
			sourceTree = "<group>";
		};
		384E13022B758DFC00AB5C1E /* Helpers */ = {
			isa = PBXGroup;
			children = (
				384E13032B758E2000AB5C1E /* View+Extension.swift */,
			);
			path = Helpers;
			sourceTree = "<group>";
		};
		386587442B7263DC002D309C = {
			isa = PBXGroup;
			children = (
				3865874F2B7263DC002D309C /* SocialMedia */,
				3865874E2B7263DC002D309C /* Products */,
				386587692B72EA21002D309C /* Frameworks */,
			);
			sourceTree = "<group>";
		};
		3865874E2B7263DC002D309C /* Products */ = {
			isa = PBXGroup;
			children = (
				3865874D2B7263DC002D309C /* SocialMedia.app */,
			);
			name = Products;
			sourceTree = "<group>";
		};
		3865874F2B7263DC002D309C /* SocialMedia */ = {
			isa = PBXGroup;
			children = (
				386587662B726695002D309C /* Model */,
				386587652B726685002D309C /* View */,
				386587502B7263DC002D309C /* SocialMediaApp.swift */,
				386587522B7263DC002D309C /* ContentView.swift */,
				386587542B7263DE002D309C /* Assets.xcassets */,
				386587562B7263DE002D309C /* Preview Content */,
			);
			path = SocialMedia;
			sourceTree = "<group>";
		};
		386587562B7263DE002D309C /* Preview Content */ = {
			isa = PBXGroup;
			children = (
				3865875E2B72652C002D309C /* GoogleService-Info.plist */,
				386587572B7263DE002D309C /* Preview Assets.xcassets */,
			);
			path = "Preview Content";
			sourceTree = "<group>";
		};
		386587652B726685002D309C /* View */ = {
			isa = PBXGroup;
			children = (
				384E13022B758DFC00AB5C1E /* Helpers */,
				384E12FF2B758D0E00AB5C1E /* MainView */,
				384E12FE2B758D0100AB5C1E /* Login */,
				386587722B72F862002D309C /* LoadingView.swift */,
			);
			path = View;
			sourceTree = "<group>";
		};
		386587662B726695002D309C /* Model */ = {
			isa = PBXGroup;
			children = (
				386587702B72EDC7002D309C /* User.swift */,
				38DE5ACA2B781C1D008C5B30 /* Post.swift */,
			);
			path = Model;
			sourceTree = "<group>";
		};
		386587692B72EA21002D309C /* Frameworks */ = {
			isa = PBXGroup;
			children = (
			);
			name = Frameworks;
			sourceTree = "<group>";
		};
/* End PBXGroup section */

/* Begin PBXNativeTarget section */
		3865874C2B7263DC002D309C /* SocialMedia */ = {
			isa = PBXNativeTarget;
			buildConfigurationList = 3865875B2B7263DE002D309C /* Build configuration list for PBXNativeTarget "SocialMedia" */;
			buildPhases = (
				386587492B7263DC002D309C /* Sources */,
				3865874A2B7263DC002D309C /* Frameworks */,
				3865874B2B7263DC002D309C /* Resources */,
			);
			buildRules = (
			);
			dependencies = (
			);
			name = SocialMedia;
			packageProductDependencies = (
				386587612B726658002D309C /* FirebaseAuth */,
				3865876A2B72EA21002D309C /* FirebaseFirestore */,
				3865876C2B72EA3B002D309C /* FirebaseFirestoreSwift */,
				3865876E2B72EA3B002D309C /* FirebaseStorage */,
				384E130C2B75A19200AB5C1E /* SDWebImageSwiftUI */,
			);
			productName = SocialMedia;
			productReference = 3865874D2B7263DC002D309C /* SocialMedia.app */;
			productType = "com.apple.product-type.application";
		};
/* End PBXNativeTarget section */

/* Begin PBXProject section */
		386587452B7263DC002D309C /* Project object */ = {
			isa = PBXProject;
			attributes = {
				BuildIndependentTargetsInParallel = 1;
				LastSwiftUpdateCheck = 1520;
				LastUpgradeCheck = 1520;
				TargetAttributes = {
					3865874C2B7263DC002D309C = {
						CreatedOnToolsVersion = 15.2;
					};
				};
			};
			buildConfigurationList = 386587482B7263DC002D309C /* Build configuration list for PBXProject "SocialMedia" */;
			compatibilityVersion = "Xcode 14.0";
			developmentRegion = en;
			hasScannedForEncodings = 0;
			knownRegions = (
				en,
				Base,
			);
			mainGroup = 386587442B7263DC002D309C;
			packageReferences = (
				386587602B726658002D309C /* XCRemoteSwiftPackageReference "firebase-ios-sdk" */,
				384E130B2B75A19200AB5C1E /* XCRemoteSwiftPackageReference "SDWebImageSwiftUI" */,
			);
			productRefGroup = 3865874E2B7263DC002D309C /* Products */;
			projectDirPath = "";
			projectRoot = "";
			targets = (
				3865874C2B7263DC002D309C /* SocialMedia */,
			);
		};
/* End PBXProject section */

/* Begin PBXResourcesBuildPhase section */
		3865874B2B7263DC002D309C /* Resources */ = {
			isa = PBXResourcesBuildPhase;
			buildActionMask = 2147483647;
			files = (
				386587582B7263DE002D309C /* Preview Assets.xcassets in Resources */,
				386587552B7263DE002D309C /* Assets.xcassets in Resources */,
				3865875F2B72652C002D309C /* GoogleService-Info.plist in Resources */,
			);
			runOnlyForDeploymentPostprocessing = 0;
		};
/* End PBXResourcesBuildPhase section */

/* Begin PBXSourcesBuildPhase section */
		386587492B7263DC002D309C /* Sources */ = {
			isa = PBXSourcesBuildPhase;
			buildActionMask = 2147483647;
			files = (
				386587712B72EDC7002D309C /* User.swift in Sources */,
				38DE5AC92B781BCF008C5B30 /* CreateNewPost.swift in Sources */,
				384E13082B75924300AB5C1E /* ProfileView.swift in Sources */,
				38DE5ACB2B781C1D008C5B30 /* Post.swift in Sources */,
				384E130A2B759E9A00AB5C1E /* ReusableProfileContent.swift in Sources */,
				384E13062B7590A200AB5C1E /* MainView.swift in Sources */,
				386587682B7266AA002D309C /* LoginView.swift in Sources */,
				386587532B7263DC002D309C /* ContentView.swift in Sources */,
				384E13012B758D3100AB5C1E /* RegisterView.swift in Sources */,
				380F5F8D2B78F0B700B33996 /* PostsView.swift in Sources */,
				386587732B72F862002D309C /* LoadingView.swift in Sources */,
				384E13042B758E2000AB5C1E /* View+Extension.swift in Sources */,
				386587512B7263DC002D309C /* SocialMediaApp.swift in Sources */,
			);
			runOnlyForDeploymentPostprocessing = 0;
		};
/* End PBXSourcesBuildPhase section */

/* Begin XCBuildConfiguration section */
		386587592B7263DE002D309C /* Debug */ = {
			isa = XCBuildConfiguration;
			buildSettings = {
				ALWAYS_SEARCH_USER_PATHS = NO;
				ASSETCATALOG_COMPILER_GENERATE_SWIFT_ASSET_SYMBOL_EXTENSIONS = YES;
				CLANG_ANALYZER_NONNULL = YES;
				CLANG_ANALYZER_NUMBER_OBJECT_CONVERSION = YES_AGGRESSIVE;
				CLANG_CXX_LANGUAGE_STANDARD = "gnu++20";
				CLANG_ENABLE_MODULES = YES;
				CLANG_ENABLE_OBJC_ARC = YES;
				CLANG_ENABLE_OBJC_WEAK = YES;
				CLANG_WARN_BLOCK_CAPTURE_AUTORELEASING = YES;
				CLANG_WARN_BOOL_CONVERSION = YES;
				CLANG_WARN_COMMA = YES;
				CLANG_WARN_CONSTANT_CONVERSION = YES;
				CLANG_WARN_DEPRECATED_OBJC_IMPLEMENTATIONS = YES;
				CLANG_WARN_DIRECT_OBJC_ISA_USAGE = YES_ERROR;
				CLANG_WARN_DOCUMENTATION_COMMENTS = YES;
				CLANG_WARN_EMPTY_BODY = YES;
				CLANG_WARN_ENUM_CONVERSION = YES;
				CLANG_WARN_INFINITE_RECURSION = YES;
				CLANG_WARN_INT_CONVERSION = YES;
				CLANG_WARN_NON_LITERAL_NULL_CONVERSION = YES;
				CLANG_WARN_OBJC_IMPLICIT_RETAIN_SELF = YES;
				CLANG_WARN_OBJC_LITERAL_CONVERSION = YES;
				CLANG_WARN_OBJC_ROOT_CLASS = YES_ERROR;
				CLANG_WARN_QUOTED_INCLUDE_IN_FRAMEWORK_HEADER = YES;
				CLANG_WARN_RANGE_LOOP_ANALYSIS = YES;
				CLANG_WARN_STRICT_PROTOTYPES = YES;
				CLANG_WARN_SUSPICIOUS_MOVE = YES;
				CLANG_WARN_UNGUARDED_AVAILABILITY = YES_AGGRESSIVE;
				CLANG_WARN_UNREACHABLE_CODE = YES;
				CLANG_WARN__DUPLICATE_METHOD_MATCH = YES;
				COPY_PHASE_STRIP = NO;
				DEBUG_INFORMATION_FORMAT = dwarf;
				ENABLE_STRICT_OBJC_MSGSEND = YES;
				ENABLE_TESTABILITY = YES;
				ENABLE_USER_SCRIPT_SANDBOXING = YES;
				GCC_C_LANGUAGE_STANDARD = gnu17;
				GCC_DYNAMIC_NO_PIC = NO;
				GCC_NO_COMMON_BLOCKS = YES;
				GCC_OPTIMIZATION_LEVEL = 0;
				GCC_PREPROCESSOR_DEFINITIONS = (
					"DEBUG=1",
					"$(inherited)",
				);
				GCC_WARN_64_TO_32_BIT_CONVERSION = YES;
				GCC_WARN_ABOUT_RETURN_TYPE = YES_ERROR;
				GCC_WARN_UNDECLARED_SELECTOR = YES;
				GCC_WARN_UNINITIALIZED_AUTOS = YES_AGGRESSIVE;
				GCC_WARN_UNUSED_FUNCTION = YES;
				GCC_WARN_UNUSED_VARIABLE = YES;
				IPHONEOS_DEPLOYMENT_TARGET = 17.2;
				LOCALIZATION_PREFERS_STRING_CATALOGS = YES;
				MTL_ENABLE_DEBUG_INFO = INCLUDE_SOURCE;
				MTL_FAST_MATH = YES;
				ONLY_ACTIVE_ARCH = YES;
				SDKROOT = iphoneos;
				SWIFT_ACTIVE_COMPILATION_CONDITIONS = "DEBUG $(inherited)";
				SWIFT_OPTIMIZATION_LEVEL = "-Onone";
			};
			name = Debug;
		};
		3865875A2B7263DE002D309C /* Release */ = {
			isa = XCBuildConfiguration;
			buildSettings = {
				ALWAYS_SEARCH_USER_PATHS = NO;
				ASSETCATALOG_COMPILER_GENERATE_SWIFT_ASSET_SYMBOL_EXTENSIONS = YES;
				CLANG_ANALYZER_NONNULL = YES;
				CLANG_ANALYZER_NUMBER_OBJECT_CONVERSION = YES_AGGRESSIVE;
				CLANG_CXX_LANGUAGE_STANDARD = "gnu++20";
				CLANG_ENABLE_MODULES = YES;
				CLANG_ENABLE_OBJC_ARC = YES;
				CLANG_ENABLE_OBJC_WEAK = YES;
				CLANG_WARN_BLOCK_CAPTURE_AUTORELEASING = YES;
				CLANG_WARN_BOOL_CONVERSION = YES;
				CLANG_WARN_COMMA = YES;
				CLANG_WARN_CONSTANT_CONVERSION = YES;
				CLANG_WARN_DEPRECATED_OBJC_IMPLEMENTATIONS = YES;
				CLANG_WARN_DIRECT_OBJC_ISA_USAGE = YES_ERROR;
				CLANG_WARN_DOCUMENTATION_COMMENTS = YES;
				CLANG_WARN_EMPTY_BODY = YES;
				CLANG_WARN_ENUM_CONVERSION = YES;
				CLANG_WARN_INFINITE_RECURSION = YES;
				CLANG_WARN_INT_CONVERSION = YES;
				CLANG_WARN_NON_LITERAL_NULL_CONVERSION = YES;
				CLANG_WARN_OBJC_IMPLICIT_RETAIN_SELF = YES;
				CLANG_WARN_OBJC_LITERAL_CONVERSION = YES;
				CLANG_WARN_OBJC_ROOT_CLASS = YES_ERROR;
				CLANG_WARN_QUOTED_INCLUDE_IN_FRAMEWORK_HEADER = YES;
				CLANG_WARN_RANGE_LOOP_ANALYSIS = YES;
				CLANG_WARN_STRICT_PROTOTYPES = YES;
				CLANG_WARN_SUSPICIOUS_MOVE = YES;
				CLANG_WARN_UNGUARDED_AVAILABILITY = YES_AGGRESSIVE;
				CLANG_WARN_UNREACHABLE_CODE = YES;
				CLANG_WARN__DUPLICATE_METHOD_MATCH = YES;
				COPY_PHASE_STRIP = NO;
				DEBUG_INFORMATION_FORMAT = "dwarf-with-dsym";
				ENABLE_NS_ASSERTIONS = NO;
				ENABLE_STRICT_OBJC_MSGSEND = YES;
				ENABLE_USER_SCRIPT_SANDBOXING = YES;
				GCC_C_LANGUAGE_STANDARD = gnu17;
				GCC_NO_COMMON_BLOCKS = YES;
				GCC_WARN_64_TO_32_BIT_CONVERSION = YES;
				GCC_WARN_ABOUT_RETURN_TYPE = YES_ERROR;
				GCC_WARN_UNDECLARED_SELECTOR = YES;
				GCC_WARN_UNINITIALIZED_AUTOS = YES_AGGRESSIVE;
				GCC_WARN_UNUSED_FUNCTION = YES;
				GCC_WARN_UNUSED_VARIABLE = YES;
				IPHONEOS_DEPLOYMENT_TARGET = 17.2;
				LOCALIZATION_PREFERS_STRING_CATALOGS = YES;
				MTL_ENABLE_DEBUG_INFO = NO;
				MTL_FAST_MATH = YES;
				SDKROOT = iphoneos;
				SWIFT_COMPILATION_MODE = wholemodule;
				VALIDATE_PRODUCT = YES;
			};
			name = Release;
		};
		3865875C2B7263DE002D309C /* Debug */ = {
			isa = XCBuildConfiguration;
			buildSettings = {
				ASSETCATALOG_COMPILER_APPICON_NAME = AppIcon;
				ASSETCATALOG_COMPILER_GLOBAL_ACCENT_COLOR_NAME = AccentColor;
				CODE_SIGN_STYLE = Automatic;
				CURRENT_PROJECT_VERSION = 1;
				DEVELOPMENT_ASSET_PATHS = "\"SocialMedia/Preview Content\"";
				ENABLE_PREVIEWS = YES;
				GENERATE_INFOPLIST_FILE = YES;
				INFOPLIST_KEY_UIApplicationSceneManifest_Generation = YES;
				INFOPLIST_KEY_UIApplicationSupportsIndirectInputEvents = YES;
				INFOPLIST_KEY_UILaunchScreen_Generation = YES;
				INFOPLIST_KEY_UISupportedInterfaceOrientations_iPad = "UIInterfaceOrientationPortrait UIInterfaceOrientationPortraitUpsideDown UIInterfaceOrientationLandscapeLeft UIInterfaceOrientationLandscapeRight";
				INFOPLIST_KEY_UISupportedInterfaceOrientations_iPhone = "UIInterfaceOrientationPortrait UIInterfaceOrientationLandscapeLeft UIInterfaceOrientationLandscapeRight";
				LD_RUNPATH_SEARCH_PATHS = (
					"$(inherited)",
					"@executable_path/Frameworks",
				);
				MARKETING_VERSION = 1.0;
				PRODUCT_BUNDLE_IDENTIFIER = Vosik.SocialMedia;
				PRODUCT_NAME = "$(TARGET_NAME)";
				SWIFT_EMIT_LOC_STRINGS = YES;
				SWIFT_VERSION = 5.0;
				TARGETED_DEVICE_FAMILY = "1,2";
			};
			name = Debug;
		};
		3865875D2B7263DE002D309C /* Release */ = {
			isa = XCBuildConfiguration;
			buildSettings = {
				ASSETCATALOG_COMPILER_APPICON_NAME = AppIcon;
				ASSETCATALOG_COMPILER_GLOBAL_ACCENT_COLOR_NAME = AccentColor;
				CODE_SIGN_STYLE = Automatic;
				CURRENT_PROJECT_VERSION = 1;
				DEVELOPMENT_ASSET_PATHS = "\"SocialMedia/Preview Content\"";
				ENABLE_PREVIEWS = YES;
				GENERATE_INFOPLIST_FILE = YES;
				INFOPLIST_KEY_UIApplicationSceneManifest_Generation = YES;
				INFOPLIST_KEY_UIApplicationSupportsIndirectInputEvents = YES;
				INFOPLIST_KEY_UILaunchScreen_Generation = YES;
				INFOPLIST_KEY_UISupportedInterfaceOrientations_iPad = "UIInterfaceOrientationPortrait UIInterfaceOrientationPortraitUpsideDown UIInterfaceOrientationLandscapeLeft UIInterfaceOrientationLandscapeRight";
				INFOPLIST_KEY_UISupportedInterfaceOrientations_iPhone = "UIInterfaceOrientationPortrait UIInterfaceOrientationLandscapeLeft UIInterfaceOrientationLandscapeRight";
				LD_RUNPATH_SEARCH_PATHS = (
					"$(inherited)",
					"@executable_path/Frameworks",
				);
				MARKETING_VERSION = 1.0;
				PRODUCT_BUNDLE_IDENTIFIER = Vosik.SocialMedia;
				PRODUCT_NAME = "$(TARGET_NAME)";
				SWIFT_EMIT_LOC_STRINGS = YES;
				SWIFT_VERSION = 5.0;
				TARGETED_DEVICE_FAMILY = "1,2";
			};
			name = Release;
		};
/* End XCBuildConfiguration section */

/* Begin XCConfigurationList section */
		386587482B7263DC002D309C /* Build configuration list for PBXProject "SocialMedia" */ = {
			isa = XCConfigurationList;
			buildConfigurations = (
				386587592B7263DE002D309C /* Debug */,
				3865875A2B7263DE002D309C /* Release */,
			);
			defaultConfigurationIsVisible = 0;
			defaultConfigurationName = Release;
		};
		3865875B2B7263DE002D309C /* Build configuration list for PBXNativeTarget "SocialMedia" */ = {
			isa = XCConfigurationList;
			buildConfigurations = (
				3865875C2B7263DE002D309C /* Debug */,
				3865875D2B7263DE002D309C /* Release */,
			);
			defaultConfigurationIsVisible = 0;
			defaultConfigurationName = Release;
		};
/* End XCConfigurationList section */

/* Begin XCRemoteSwiftPackageReference section */
		384E130B2B75A19200AB5C1E /* XCRemoteSwiftPackageReference "SDWebImageSwiftUI" */ = {
			isa = XCRemoteSwiftPackageReference;
			repositoryURL = "https://github.com/SDWebImage/SDWebImageSwiftUI.git";
			requirement = {
				kind = upToNextMajorVersion;
				minimumVersion = 2.2.6;
			};
		};
		386587602B726658002D309C /* XCRemoteSwiftPackageReference "firebase-ios-sdk" */ = {
			isa = XCRemoteSwiftPackageReference;
			repositoryURL = "https://github.com/firebase/firebase-ios-sdk";
			requirement = {
				kind = upToNextMajorVersion;
				minimumVersion = 10.20.0;
			};
		};
/* End XCRemoteSwiftPackageReference section */

/* Begin XCSwiftPackageProductDependency section */
		384E130C2B75A19200AB5C1E /* SDWebImageSwiftUI */ = {
			isa = XCSwiftPackageProductDependency;
			package = 384E130B2B75A19200AB5C1E /* XCRemoteSwiftPackageReference "SDWebImageSwiftUI" */;
			productName = SDWebImageSwiftUI;
		};
		386587612B726658002D309C /* FirebaseAuth */ = {
			isa = XCSwiftPackageProductDependency;
			package = 386587602B726658002D309C /* XCRemoteSwiftPackageReference "firebase-ios-sdk" */;
			productName = FirebaseAuth;
		};
		3865876A2B72EA21002D309C /* FirebaseFirestore */ = {
			isa = XCSwiftPackageProductDependency;
			package = 386587602B726658002D309C /* XCRemoteSwiftPackageReference "firebase-ios-sdk" */;
			productName = FirebaseFirestore;
		};
		3865876C2B72EA3B002D309C /* FirebaseFirestoreSwift */ = {
			isa = XCSwiftPackageProductDependency;
			package = 386587602B726658002D309C /* XCRemoteSwiftPackageReference "firebase-ios-sdk" */;
			productName = FirebaseFirestoreSwift;
		};
		3865876E2B72EA3B002D309C /* FirebaseStorage */ = {
			isa = XCSwiftPackageProductDependency;
			package = 386587602B726658002D309C /* XCRemoteSwiftPackageReference "firebase-ios-sdk" */;
			productName = FirebaseStorage;
		};
/* End XCSwiftPackageProductDependency section */
	};
	rootObject = 386587452B7263DC002D309C /* Project object */;
}
